
Microsoft Visual Studio Solution File, Format Version 12.00
# Visual Studio Version 16
VisualStudioVersion = 16.0.28407.52
MinimumVisualStudioVersion = 10.0.40219.1
Project("{FAE04EC0-301F-11D3-BF4B-00C04F79EFBC}") = "NotABook.Android", "NotABook\NotABook.Android\NotABook.Android.csproj", "{AA9A4695-39ED-4190-905D-556AA43B1B5F}"
EndProject
Project("{FAE04EC0-301F-11D3-BF4B-00C04F79EFBC}") = "NotABook.iOS", "NotABook\NotABook.iOS\NotABook.iOS.csproj", "{C5A471FA-63EE-4552-95E6-A5AA1EB45914}"
EndProject
Project("{FAE04EC0-301F-11D3-BF4B-00C04F79EFBC}") = "NotABook.UWP", "NotABook\NotABook.UWP\NotABook.UWP.csproj", "{34E3DA75-848B-4555-BA73-1E50C6E22D1E}"
EndProject
Project("{9A19103F-16F7-4668-BE54-9A1E7A4F7556}") = "NotABook", "NotABook\NotABook\NotABook.csproj", "{56BF9C41-6AE9-43B0-9BA9-8A800B60042E}"
EndProject
Project("{FAE04EC0-301F-11D3-BF4B-00C04F79EFBC}") = "NotABookConsole", "NotABookConsole\NotABookConsole.csproj", "{F9B5F4CE-4581-42FD-B6A6-44A212009773}"
EndProject
Project("{FAE04EC0-301F-11D3-BF4B-00C04F79EFBC}") = "NotABookUITests", "NotABookUITests\NotABookUITests.csproj", "{B19C892E-2628-4CA7-AD27-08D406A3B14B}"
EndProject
Project("{FAE04EC0-301F-11D3-BF4B-00C04F79EFBC}") = "NotABookWPF", "NotABookWPF\NotABookWPF.csproj", "{0DA38B04-5EAF-4A38-8311-0CC3B8952E39}"
EndProject
Project("{9A19103F-16F7-4668-BE54-9A1E7A4F7556}") = "NotABookLibraryStandart", "NotABookLibraryStandart\NotABookLibraryStandart.csproj", "{56E5237A-FE7B-4499-8C4C-462471766AD2}"
EndProject
Project("{9A19103F-16F7-4668-BE54-9A1E7A4F7556}") = "NotABookViewModels", "NotABookViewModels\NotABookViewModels.csproj", "{2C4B6431-43DB-4FB2-8094-308993DF688F}"
EndProject
Project("{9A19103F-16F7-4668-BE54-9A1E7A4F7556}") = "NotABookDataAccess", "NotABookDataAccess\NotABookDataAccess.csproj", "{DAEE7F4A-A77D-4B6E-AD04-80FBC9B4B99D}"
EndProject
Project("{9A19103F-16F7-4668-BE54-9A1E7A4F7556}") = "NotABookTests", "NotABookTests\NotABookTests.csproj", "{66E5A703-3F58-49C7-ABD6-F0E78C541DFC}"
EndProject
Project("{FAE04EC0-301F-11D3-BF4B-00C04F79EFBC}") = "NotABook.API", "NotABook.API\NotABook.API.csproj", "{6231F8BC-FACE-47B9-8E5E-35C1134E9C6F}"
EndProject
Global
	GlobalSection(SolutionConfigurationPlatforms) = preSolution
		Ad-Hoc|Any CPU = Ad-Hoc|Any CPU
		Ad-Hoc|ARM = Ad-Hoc|ARM
		Ad-Hoc|iPhone = Ad-Hoc|iPhone
		Ad-Hoc|iPhoneSimulator = Ad-Hoc|iPhoneSimulator
		Ad-Hoc|x64 = Ad-Hoc|x64
		Ad-Hoc|x86 = Ad-Hoc|x86
		AppStore|Any CPU = AppStore|Any CPU
		AppStore|ARM = AppStore|ARM
		AppStore|iPhone = AppStore|iPhone
		AppStore|iPhoneSimulator = AppStore|iPhoneSimulator
		AppStore|x64 = AppStore|x64
		AppStore|x86 = AppStore|x86
		Debug|Any CPU = Debug|Any CPU
		Debug|ARM = Debug|ARM
		Debug|iPhone = Debug|iPhone
		Debug|iPhoneSimulator = Debug|iPhoneSimulator
		Debug|x64 = Debug|x64
		Debug|x86 = Debug|x86
		Release|Any CPU = Release|Any CPU
		Release|ARM = Release|ARM
		Release|iPhone = Release|iPhone
		Release|iPhoneSimulator = Release|iPhoneSimulator
		Release|x64 = Release|x64
		Release|x86 = Release|x86
	EndGlobalSection
	GlobalSection(ProjectConfigurationPlatforms) = postSolution
		{AA9A4695-39ED-4190-905D-556AA43B1B5F}.Ad-Hoc|Any CPU.ActiveCfg = Release|Any CPU
		{AA9A4695-39ED-4190-905D-556AA43B1B5F}.Ad-Hoc|Any CPU.Build.0 = Release|Any CPU
		{AA9A4695-39ED-4190-905D-556AA43B1B5F}.Ad-Hoc|Any CPU.Deploy.0 = Release|Any CPU
		{AA9A4695-39ED-4190-905D-556AA43B1B5F}.Ad-Hoc|ARM.ActiveCfg = Release|Any CPU
		{AA9A4695-39ED-4190-905D-556AA43B1B5F}.Ad-Hoc|ARM.Build.0 = Release|Any CPU
		{AA9A4695-39ED-4190-905D-556AA43B1B5F}.Ad-Hoc|ARM.Deploy.0 = Release|Any CPU
		{AA9A4695-39ED-4190-905D-556AA43B1B5F}.Ad-Hoc|iPhone.ActiveCfg = Release|Any CPU
		{AA9A4695-39ED-4190-905D-556AA43B1B5F}.Ad-Hoc|iPhone.Build.0 = Release|Any CPU
		{AA9A4695-39ED-4190-905D-556AA43B1B5F}.Ad-Hoc|iPhone.Deploy.0 = Release|Any CPU
		{AA9A4695-39ED-4190-905D-556AA43B1B5F}.Ad-Hoc|iPhoneSimulator.ActiveCfg = Release|Any CPU
		{AA9A4695-39ED-4190-905D-556AA43B1B5F}.Ad-Hoc|iPhoneSimulator.Build.0 = Release|Any CPU
		{AA9A4695-39ED-4190-905D-556AA43B1B5F}.Ad-Hoc|iPhoneSimulator.Deploy.0 = Release|Any CPU
		{AA9A4695-39ED-4190-905D-556AA43B1B5F}.Ad-Hoc|x64.ActiveCfg = Release|Any CPU
		{AA9A4695-39ED-4190-905D-556AA43B1B5F}.Ad-Hoc|x64.Build.0 = Release|Any CPU
		{AA9A4695-39ED-4190-905D-556AA43B1B5F}.Ad-Hoc|x64.Deploy.0 = Release|Any CPU
		{AA9A4695-39ED-4190-905D-556AA43B1B5F}.Ad-Hoc|x86.ActiveCfg = Release|Any CPU
		{AA9A4695-39ED-4190-905D-556AA43B1B5F}.Ad-Hoc|x86.Build.0 = Release|Any CPU
		{AA9A4695-39ED-4190-905D-556AA43B1B5F}.Ad-Hoc|x86.Deploy.0 = Release|Any CPU
		{AA9A4695-39ED-4190-905D-556AA43B1B5F}.AppStore|Any CPU.ActiveCfg = Release|Any CPU
		{AA9A4695-39ED-4190-905D-556AA43B1B5F}.AppStore|Any CPU.Build.0 = Release|Any CPU
		{AA9A4695-39ED-4190-905D-556AA43B1B5F}.AppStore|Any CPU.Deploy.0 = Release|Any CPU
		{AA9A4695-39ED-4190-905D-556AA43B1B5F}.AppStore|ARM.ActiveCfg = Release|Any CPU
		{AA9A4695-39ED-4190-905D-556AA43B1B5F}.AppStore|ARM.Build.0 = Release|Any CPU
		{AA9A4695-39ED-4190-905D-556AA43B1B5F}.AppStore|ARM.Deploy.0 = Release|Any CPU
		{AA9A4695-39ED-4190-905D-556AA43B1B5F}.AppStore|iPhone.ActiveCfg = Release|Any CPU
		{AA9A4695-39ED-4190-905D-556AA43B1B5F}.AppStore|iPhone.Build.0 = Release|Any CPU
		{AA9A4695-39ED-4190-905D-556AA43B1B5F}.AppStore|iPhone.Deploy.0 = Release|Any CPU
		{AA9A4695-39ED-4190-905D-556AA43B1B5F}.AppStore|iPhoneSimulator.ActiveCfg = Release|Any CPU
		{AA9A4695-39ED-4190-905D-556AA43B1B5F}.AppStore|iPhoneSimulator.Build.0 = Release|Any CPU
		{AA9A4695-39ED-4190-905D-556AA43B1B5F}.AppStore|iPhoneSimulator.Deploy.0 = Release|Any CPU
		{AA9A4695-39ED-4190-905D-556AA43B1B5F}.AppStore|x64.ActiveCfg = Release|Any CPU
		{AA9A4695-39ED-4190-905D-556AA43B1B5F}.AppStore|x64.Build.0 = Release|Any CPU
		{AA9A4695-39ED-4190-905D-556AA43B1B5F}.AppStore|x64.Deploy.0 = Release|Any CPU
		{AA9A4695-39ED-4190-905D-556AA43B1B5F}.AppStore|x86.ActiveCfg = Release|Any CPU
		{AA9A4695-39ED-4190-905D-556AA43B1B5F}.AppStore|x86.Build.0 = Release|Any CPU
		{AA9A4695-39ED-4190-905D-556AA43B1B5F}.AppStore|x86.Deploy.0 = Release|Any CPU
		{AA9A4695-39ED-4190-905D-556AA43B1B5F}.Debug|Any CPU.ActiveCfg = Debug|Any CPU
		{AA9A4695-39ED-4190-905D-556AA43B1B5F}.Debug|Any CPU.Build.0 = Debug|Any CPU
		{AA9A4695-39ED-4190-905D-556AA43B1B5F}.Debug|Any CPU.Deploy.0 = Debug|Any CPU
		{AA9A4695-39ED-4190-905D-556AA43B1B5F}.Debug|ARM.ActiveCfg = Debug|Any CPU
		{AA9A4695-39ED-4190-905D-556AA43B1B5F}.Debug|ARM.Build.0 = Debug|Any CPU
		{AA9A4695-39ED-4190-905D-556AA43B1B5F}.Debug|ARM.Deploy.0 = Debug|Any CPU
		{AA9A4695-39ED-4190-905D-556AA43B1B5F}.Debug|iPhone.ActiveCfg = Debug|Any CPU
		{AA9A4695-39ED-4190-905D-556AA43B1B5F}.Debug|iPhone.Build.0 = Debug|Any CPU
		{AA9A4695-39ED-4190-905D-556AA43B1B5F}.Debug|iPhone.Deploy.0 = Debug|Any CPU
		{AA9A4695-39ED-4190-905D-556AA43B1B5F}.Debug|iPhoneSimulator.ActiveCfg = Debug|Any CPU
		{AA9A4695-39ED-4190-905D-556AA43B1B5F}.Debug|iPhoneSimulator.Build.0 = Debug|Any CPU
		{AA9A4695-39ED-4190-905D-556AA43B1B5F}.Debug|iPhoneSimulator.Deploy.0 = Debug|Any CPU
		{AA9A4695-39ED-4190-905D-556AA43B1B5F}.Debug|x64.ActiveCfg = Debug|Any CPU
		{AA9A4695-39ED-4190-905D-556AA43B1B5F}.Debug|x64.Build.0 = Debug|Any CPU
		{AA9A4695-39ED-4190-905D-556AA43B1B5F}.Debug|x64.Deploy.0 = Debug|Any CPU
		{AA9A4695-39ED-4190-905D-556AA43B1B5F}.Debug|x86.ActiveCfg = Debug|Any CPU
		{AA9A4695-39ED-4190-905D-556AA43B1B5F}.Debug|x86.Build.0 = Debug|Any CPU
		{AA9A4695-39ED-4190-905D-556AA43B1B5F}.Debug|x86.Deploy.0 = Debug|Any CPU
		{AA9A4695-39ED-4190-905D-556AA43B1B5F}.Release|Any CPU.ActiveCfg = Release|Any CPU
		{AA9A4695-39ED-4190-905D-556AA43B1B5F}.Release|Any CPU.Build.0 = Release|Any CPU
		{AA9A4695-39ED-4190-905D-556AA43B1B5F}.Release|Any CPU.Deploy.0 = Release|Any CPU
		{AA9A4695-39ED-4190-905D-556AA43B1B5F}.Release|ARM.ActiveCfg = Release|Any CPU
		{AA9A4695-39ED-4190-905D-556AA43B1B5F}.Release|ARM.Build.0 = Release|Any CPU
		{AA9A4695-39ED-4190-905D-556AA43B1B5F}.Release|ARM.Deploy.0 = Release|Any CPU
		{AA9A4695-39ED-4190-905D-556AA43B1B5F}.Release|iPhone.ActiveCfg = Release|Any CPU
		{AA9A4695-39ED-4190-905D-556AA43B1B5F}.Release|iPhone.Build.0 = Release|Any CPU
		{AA9A4695-39ED-4190-905D-556AA43B1B5F}.Release|iPhone.Deploy.0 = Release|Any CPU
		{AA9A4695-39ED-4190-905D-556AA43B1B5F}.Release|iPhoneSimulator.ActiveCfg = Release|Any CPU
		{AA9A4695-39ED-4190-905D-556AA43B1B5F}.Release|iPhoneSimulator.Build.0 = Release|Any CPU
		{AA9A4695-39ED-4190-905D-556AA43B1B5F}.Release|iPhoneSimulator.Deploy.0 = Release|Any CPU
		{AA9A4695-39ED-4190-905D-556AA43B1B5F}.Release|x64.ActiveCfg = Release|Any CPU
		{AA9A4695-39ED-4190-905D-556AA43B1B5F}.Release|x64.Build.0 = Release|Any CPU
		{AA9A4695-39ED-4190-905D-556AA43B1B5F}.Release|x64.Deploy.0 = Release|Any CPU
		{AA9A4695-39ED-4190-905D-556AA43B1B5F}.Release|x86.ActiveCfg = Release|Any CPU
		{AA9A4695-39ED-4190-905D-556AA43B1B5F}.Release|x86.Build.0 = Release|Any CPU
		{AA9A4695-39ED-4190-905D-556AA43B1B5F}.Release|x86.Deploy.0 = Release|Any CPU
		{C5A471FA-63EE-4552-95E6-A5AA1EB45914}.Ad-Hoc|Any CPU.ActiveCfg = Ad-Hoc|iPhone
		{C5A471FA-63EE-4552-95E6-A5AA1EB45914}.Ad-Hoc|Any CPU.Build.0 = Ad-Hoc|iPhone
		{C5A471FA-63EE-4552-95E6-A5AA1EB45914}.Ad-Hoc|Any CPU.Deploy.0 = Ad-Hoc|iPhone
		{C5A471FA-63EE-4552-95E6-A5AA1EB45914}.Ad-Hoc|ARM.ActiveCfg = Ad-Hoc|iPhone
		{C5A471FA-63EE-4552-95E6-A5AA1EB45914}.Ad-Hoc|ARM.Build.0 = Ad-Hoc|iPhone
		{C5A471FA-63EE-4552-95E6-A5AA1EB45914}.Ad-Hoc|ARM.Deploy.0 = Ad-Hoc|iPhone
		{C5A471FA-63EE-4552-95E6-A5AA1EB45914}.Ad-Hoc|iPhone.ActiveCfg = Ad-Hoc|iPhone
		{C5A471FA-63EE-4552-95E6-A5AA1EB45914}.Ad-Hoc|iPhone.Build.0 = Ad-Hoc|iPhone
		{C5A471FA-63EE-4552-95E6-A5AA1EB45914}.Ad-Hoc|iPhone.Deploy.0 = Ad-Hoc|iPhone
		{C5A471FA-63EE-4552-95E6-A5AA1EB45914}.Ad-Hoc|iPhoneSimulator.ActiveCfg = Ad-Hoc|iPhoneSimulator
		{C5A471FA-63EE-4552-95E6-A5AA1EB45914}.Ad-Hoc|iPhoneSimulator.Build.0 = Ad-Hoc|iPhoneSimulator
		{C5A471FA-63EE-4552-95E6-A5AA1EB45914}.Ad-Hoc|iPhoneSimulator.Deploy.0 = Ad-Hoc|iPhoneSimulator
		{C5A471FA-63EE-4552-95E6-A5AA1EB45914}.Ad-Hoc|x64.ActiveCfg = Ad-Hoc|iPhone
		{C5A471FA-63EE-4552-95E6-A5AA1EB45914}.Ad-Hoc|x64.Build.0 = Ad-Hoc|iPhone
		{C5A471FA-63EE-4552-95E6-A5AA1EB45914}.Ad-Hoc|x64.Deploy.0 = Ad-Hoc|iPhone
		{C5A471FA-63EE-4552-95E6-A5AA1EB45914}.Ad-Hoc|x86.ActiveCfg = Ad-Hoc|iPhone
		{C5A471FA-63EE-4552-95E6-A5AA1EB45914}.Ad-Hoc|x86.Build.0 = Ad-Hoc|iPhone
		{C5A471FA-63EE-4552-95E6-A5AA1EB45914}.Ad-Hoc|x86.Deploy.0 = Ad-Hoc|iPhone
		{C5A471FA-63EE-4552-95E6-A5AA1EB45914}.AppStore|Any CPU.ActiveCfg = AppStore|iPhone
		{C5A471FA-63EE-4552-95E6-A5AA1EB45914}.AppStore|Any CPU.Build.0 = AppStore|iPhone
		{C5A471FA-63EE-4552-95E6-A5AA1EB45914}.AppStore|Any CPU.Deploy.0 = AppStore|iPhone
		{C5A471FA-63EE-4552-95E6-A5AA1EB45914}.AppStore|ARM.ActiveCfg = AppStore|iPhone
		{C5A471FA-63EE-4552-95E6-A5AA1EB45914}.AppStore|ARM.Build.0 = AppStore|iPhone
		{C5A471FA-63EE-4552-95E6-A5AA1EB45914}.AppStore|ARM.Deploy.0 = AppStore|iPhone
		{C5A471FA-63EE-4552-95E6-A5AA1EB45914}.AppStore|iPhone.ActiveCfg = AppStore|iPhone
		{C5A471FA-63EE-4552-95E6-A5AA1EB45914}.AppStore|iPhone.Build.0 = AppStore|iPhone
		{C5A471FA-63EE-4552-95E6-A5AA1EB45914}.AppStore|iPhone.Deploy.0 = AppStore|iPhone
		{C5A471FA-63EE-4552-95E6-A5AA1EB45914}.AppStore|iPhoneSimulator.ActiveCfg = AppStore|iPhoneSimulator
		{C5A471FA-63EE-4552-95E6-A5AA1EB45914}.AppStore|iPhoneSimulator.Build.0 = AppStore|iPhoneSimulator
		{C5A471FA-63EE-4552-95E6-A5AA1EB45914}.AppStore|iPhoneSimulator.Deploy.0 = AppStore|iPhoneSimulator
		{C5A471FA-63EE-4552-95E6-A5AA1EB45914}.AppStore|x64.ActiveCfg = AppStore|iPhone
		{C5A471FA-63EE-4552-95E6-A5AA1EB45914}.AppStore|x64.Build.0 = AppStore|iPhone
		{C5A471FA-63EE-4552-95E6-A5AA1EB45914}.AppStore|x64.Deploy.0 = AppStore|iPhone
		{C5A471FA-63EE-4552-95E6-A5AA1EB45914}.AppStore|x86.ActiveCfg = AppStore|iPhone
		{C5A471FA-63EE-4552-95E6-A5AA1EB45914}.AppStore|x86.Build.0 = AppStore|iPhone
		{C5A471FA-63EE-4552-95E6-A5AA1EB45914}.AppStore|x86.Deploy.0 = AppStore|iPhone
		{C5A471FA-63EE-4552-95E6-A5AA1EB45914}.Debug|Any CPU.ActiveCfg = Debug|iPhoneSimulator
		{C5A471FA-63EE-4552-95E6-A5AA1EB45914}.Debug|Any CPU.Build.0 = Debug|iPhoneSimulator
		{C5A471FA-63EE-4552-95E6-A5AA1EB45914}.Debug|Any CPU.Deploy.0 = Debug|iPhoneSimulator
		{C5A471FA-63EE-4552-95E6-A5AA1EB45914}.Debug|ARM.ActiveCfg = Debug|iPhone
		{C5A471FA-63EE-4552-95E6-A5AA1EB45914}.Debug|ARM.Build.0 = Debug|iPhone
		{C5A471FA-63EE-4552-95E6-A5AA1EB45914}.Debug|ARM.Deploy.0 = Debug|iPhone
		{C5A471FA-63EE-4552-95E6-A5AA1EB45914}.Debug|iPhone.ActiveCfg = Debug|iPhone
		{C5A471FA-63EE-4552-95E6-A5AA1EB45914}.Debug|iPhone.Build.0 = Debug|iPhone
		{C5A471FA-63EE-4552-95E6-A5AA1EB45914}.Debug|iPhone.Deploy.0 = Debug|iPhone
		{C5A471FA-63EE-4552-95E6-A5AA1EB45914}.Debug|iPhoneSimulator.ActiveCfg = Debug|iPhoneSimulator
		{C5A471FA-63EE-4552-95E6-A5AA1EB45914}.Debug|iPhoneSimulator.Build.0 = Debug|iPhoneSimulator
		{C5A471FA-63EE-4552-95E6-A5AA1EB45914}.Debug|iPhoneSimulator.Deploy.0 = Debug|iPhoneSimulator
		{C5A471FA-63EE-4552-95E6-A5AA1EB45914}.Debug|x64.ActiveCfg = Debug|iPhone
		{C5A471FA-63EE-4552-95E6-A5AA1EB45914}.Debug|x64.Build.0 = Debug|iPhone
		{C5A471FA-63EE-4552-95E6-A5AA1EB45914}.Debug|x64.Deploy.0 = Debug|iPhone
		{C5A471FA-63EE-4552-95E6-A5AA1EB45914}.Debug|x86.ActiveCfg = Debug|iPhone
		{C5A471FA-63EE-4552-95E6-A5AA1EB45914}.Debug|x86.Build.0 = Debug|iPhone
		{C5A471FA-63EE-4552-95E6-A5AA1EB45914}.Debug|x86.Deploy.0 = Debug|iPhone
		{C5A471FA-63EE-4552-95E6-A5AA1EB45914}.Release|Any CPU.ActiveCfg = Release|iPhone
		{C5A471FA-63EE-4552-95E6-A5AA1EB45914}.Release|Any CPU.Build.0 = Release|iPhone
		{C5A471FA-63EE-4552-95E6-A5AA1EB45914}.Release|Any CPU.Deploy.0 = Release|iPhone
		{C5A471FA-63EE-4552-95E6-A5AA1EB45914}.Release|ARM.ActiveCfg = Release|iPhone
		{C5A471FA-63EE-4552-95E6-A5AA1EB45914}.Release|ARM.Build.0 = Release|iPhone
		{C5A471FA-63EE-4552-95E6-A5AA1EB45914}.Release|ARM.Deploy.0 = Release|iPhone
		{C5A471FA-63EE-4552-95E6-A5AA1EB45914}.Release|iPhone.ActiveCfg = Release|iPhone
		{C5A471FA-63EE-4552-95E6-A5AA1EB45914}.Release|iPhone.Build.0 = Release|iPhone
		{C5A471FA-63EE-4552-95E6-A5AA1EB45914}.Release|iPhone.Deploy.0 = Release|iPhone
		{C5A471FA-63EE-4552-95E6-A5AA1EB45914}.Release|iPhoneSimulator.ActiveCfg = Release|iPhoneSimulator
		{C5A471FA-63EE-4552-95E6-A5AA1EB45914}.Release|iPhoneSimulator.Build.0 = Release|iPhoneSimulator
		{C5A471FA-63EE-4552-95E6-A5AA1EB45914}.Release|iPhoneSimulator.Deploy.0 = Release|iPhoneSimulator
		{C5A471FA-63EE-4552-95E6-A5AA1EB45914}.Release|x64.ActiveCfg = Release|iPhone
		{C5A471FA-63EE-4552-95E6-A5AA1EB45914}.Release|x64.Build.0 = Release|iPhone
		{C5A471FA-63EE-4552-95E6-A5AA1EB45914}.Release|x64.Deploy.0 = Release|iPhone
		{C5A471FA-63EE-4552-95E6-A5AA1EB45914}.Release|x86.ActiveCfg = Release|iPhone
		{C5A471FA-63EE-4552-95E6-A5AA1EB45914}.Release|x86.Build.0 = Release|iPhone
		{C5A471FA-63EE-4552-95E6-A5AA1EB45914}.Release|x86.Deploy.0 = Release|iPhone
		{34E3DA75-848B-4555-BA73-1E50C6E22D1E}.Ad-Hoc|Any CPU.ActiveCfg = Release|x86
		{34E3DA75-848B-4555-BA73-1E50C6E22D1E}.Ad-Hoc|Any CPU.Build.0 = Release|x86
		{34E3DA75-848B-4555-BA73-1E50C6E22D1E}.Ad-Hoc|Any CPU.Deploy.0 = Release|x86
		{34E3DA75-848B-4555-BA73-1E50C6E22D1E}.Ad-Hoc|ARM.ActiveCfg = Release|ARM
		{34E3DA75-848B-4555-BA73-1E50C6E22D1E}.Ad-Hoc|ARM.Build.0 = Release|ARM
		{34E3DA75-848B-4555-BA73-1E50C6E22D1E}.Ad-Hoc|ARM.Deploy.0 = Release|ARM
		{34E3DA75-848B-4555-BA73-1E50C6E22D1E}.Ad-Hoc|iPhone.ActiveCfg = Release|x86
		{34E3DA75-848B-4555-BA73-1E50C6E22D1E}.Ad-Hoc|iPhone.Build.0 = Release|x86
		{34E3DA75-848B-4555-BA73-1E50C6E22D1E}.Ad-Hoc|iPhone.Deploy.0 = Release|x86
		{34E3DA75-848B-4555-BA73-1E50C6E22D1E}.Ad-Hoc|iPhoneSimulator.ActiveCfg = Release|x86
		{34E3DA75-848B-4555-BA73-1E50C6E22D1E}.Ad-Hoc|iPhoneSimulator.Build.0 = Release|x86
		{34E3DA75-848B-4555-BA73-1E50C6E22D1E}.Ad-Hoc|iPhoneSimulator.Deploy.0 = Release|x86
		{34E3DA75-848B-4555-BA73-1E50C6E22D1E}.Ad-Hoc|x64.ActiveCfg = Release|x64
		{34E3DA75-848B-4555-BA73-1E50C6E22D1E}.Ad-Hoc|x64.Build.0 = Release|x64
		{34E3DA75-848B-4555-BA73-1E50C6E22D1E}.Ad-Hoc|x64.Deploy.0 = Release|x64
		{34E3DA75-848B-4555-BA73-1E50C6E22D1E}.Ad-Hoc|x86.ActiveCfg = Release|x86
		{34E3DA75-848B-4555-BA73-1E50C6E22D1E}.Ad-Hoc|x86.Build.0 = Release|x86
		{34E3DA75-848B-4555-BA73-1E50C6E22D1E}.Ad-Hoc|x86.Deploy.0 = Release|x86
		{34E3DA75-848B-4555-BA73-1E50C6E22D1E}.AppStore|Any CPU.ActiveCfg = Release|x86
		{34E3DA75-848B-4555-BA73-1E50C6E22D1E}.AppStore|Any CPU.Build.0 = Release|x86
		{34E3DA75-848B-4555-BA73-1E50C6E22D1E}.AppStore|Any CPU.Deploy.0 = Release|x86
		{34E3DA75-848B-4555-BA73-1E50C6E22D1E}.AppStore|ARM.ActiveCfg = Release|ARM
		{34E3DA75-848B-4555-BA73-1E50C6E22D1E}.AppStore|ARM.Build.0 = Release|ARM
		{34E3DA75-848B-4555-BA73-1E50C6E22D1E}.AppStore|ARM.Deploy.0 = Release|ARM
		{34E3DA75-848B-4555-BA73-1E50C6E22D1E}.AppStore|iPhone.ActiveCfg = Release|x86
		{34E3DA75-848B-4555-BA73-1E50C6E22D1E}.AppStore|iPhone.Build.0 = Release|x86
		{34E3DA75-848B-4555-BA73-1E50C6E22D1E}.AppStore|iPhone.Deploy.0 = Release|x86
		{34E3DA75-848B-4555-BA73-1E50C6E22D1E}.AppStore|iPhoneSimulator.ActiveCfg = Release|x86
		{34E3DA75-848B-4555-BA73-1E50C6E22D1E}.AppStore|iPhoneSimulator.Build.0 = Release|x86
		{34E3DA75-848B-4555-BA73-1E50C6E22D1E}.AppStore|iPhoneSimulator.Deploy.0 = Release|x86
		{34E3DA75-848B-4555-BA73-1E50C6E22D1E}.AppStore|x64.ActiveCfg = Release|x64
		{34E3DA75-848B-4555-BA73-1E50C6E22D1E}.AppStore|x64.Build.0 = Release|x64
		{34E3DA75-848B-4555-BA73-1E50C6E22D1E}.AppStore|x64.Deploy.0 = Release|x64
		{34E3DA75-848B-4555-BA73-1E50C6E22D1E}.AppStore|x86.ActiveCfg = Release|x86
		{34E3DA75-848B-4555-BA73-1E50C6E22D1E}.AppStore|x86.Build.0 = Release|x86
		{34E3DA75-848B-4555-BA73-1E50C6E22D1E}.AppStore|x86.Deploy.0 = Release|x86
		{34E3DA75-848B-4555-BA73-1E50C6E22D1E}.Debug|Any CPU.ActiveCfg = Debug|x86
		{34E3DA75-848B-4555-BA73-1E50C6E22D1E}.Debug|Any CPU.Build.0 = Debug|x86
		{34E3DA75-848B-4555-BA73-1E50C6E22D1E}.Debug|Any CPU.Deploy.0 = Debug|x86
		{34E3DA75-848B-4555-BA73-1E50C6E22D1E}.Debug|ARM.ActiveCfg = Debug|ARM
		{34E3DA75-848B-4555-BA73-1E50C6E22D1E}.Debug|ARM.Build.0 = Debug|ARM
		{34E3DA75-848B-4555-BA73-1E50C6E22D1E}.Debug|ARM.Deploy.0 = Debug|ARM
		{34E3DA75-848B-4555-BA73-1E50C6E22D1E}.Debug|iPhone.ActiveCfg = Debug|x86
		{34E3DA75-848B-4555-BA73-1E50C6E22D1E}.Debug|iPhone.Build.0 = Debug|x86
		{34E3DA75-848B-4555-BA73-1E50C6E22D1E}.Debug|iPhone.Deploy.0 = Debug|x86
		{34E3DA75-848B-4555-BA73-1E50C6E22D1E}.Debug|iPhoneSimulator.ActiveCfg = Debug|x86
		{34E3DA75-848B-4555-BA73-1E50C6E22D1E}.Debug|iPhoneSimulator.Build.0 = Debug|x86
		{34E3DA75-848B-4555-BA73-1E50C6E22D1E}.Debug|iPhoneSimulator.Deploy.0 = Debug|x86
		{34E3DA75-848B-4555-BA73-1E50C6E22D1E}.Debug|x64.ActiveCfg = Debug|x64
		{34E3DA75-848B-4555-BA73-1E50C6E22D1E}.Debug|x64.Build.0 = Debug|x64
		{34E3DA75-848B-4555-BA73-1E50C6E22D1E}.Debug|x64.Deploy.0 = Debug|x64
		{34E3DA75-848B-4555-BA73-1E50C6E22D1E}.Debug|x86.ActiveCfg = Debug|x86
		{34E3DA75-848B-4555-BA73-1E50C6E22D1E}.Debug|x86.Build.0 = Debug|x86
		{34E3DA75-848B-4555-BA73-1E50C6E22D1E}.Debug|x86.Deploy.0 = Debug|x86
		{34E3DA75-848B-4555-BA73-1E50C6E22D1E}.Release|Any CPU.ActiveCfg = Release|x86
		{34E3DA75-848B-4555-BA73-1E50C6E22D1E}.Release|Any CPU.Build.0 = Release|x86
		{34E3DA75-848B-4555-BA73-1E50C6E22D1E}.Release|Any CPU.Deploy.0 = Release|x86
		{34E3DA75-848B-4555-BA73-1E50C6E22D1E}.Release|ARM.ActiveCfg = Release|ARM
		{34E3DA75-848B-4555-BA73-1E50C6E22D1E}.Release|ARM.Build.0 = Release|ARM
		{34E3DA75-848B-4555-BA73-1E50C6E22D1E}.Release|ARM.Deploy.0 = Release|ARM
		{34E3DA75-848B-4555-BA73-1E50C6E22D1E}.Release|iPhone.ActiveCfg = Release|x86
		{34E3DA75-848B-4555-BA73-1E50C6E22D1E}.Release|iPhone.Build.0 = Release|x86
		{34E3DA75-848B-4555-BA73-1E50C6E22D1E}.Release|iPhone.Deploy.0 = Release|x86
		{34E3DA75-848B-4555-BA73-1E50C6E22D1E}.Release|iPhoneSimulator.ActiveCfg = Release|x86
		{34E3DA75-848B-4555-BA73-1E50C6E22D1E}.Release|iPhoneSimulator.Build.0 = Release|x86
		{34E3DA75-848B-4555-BA73-1E50C6E22D1E}.Release|iPhoneSimulator.Deploy.0 = Release|x86
		{34E3DA75-848B-4555-BA73-1E50C6E22D1E}.Release|x64.ActiveCfg = Release|x64
		{34E3DA75-848B-4555-BA73-1E50C6E22D1E}.Release|x64.Build.0 = Release|x64
		{34E3DA75-848B-4555-BA73-1E50C6E22D1E}.Release|x64.Deploy.0 = Release|x64
		{34E3DA75-848B-4555-BA73-1E50C6E22D1E}.Release|x86.ActiveCfg = Release|x86
		{34E3DA75-848B-4555-BA73-1E50C6E22D1E}.Release|x86.Build.0 = Release|x86
		{34E3DA75-848B-4555-BA73-1E50C6E22D1E}.Release|x86.Deploy.0 = Release|x86
		{56BF9C41-6AE9-43B0-9BA9-8A800B60042E}.Ad-Hoc|Any CPU.ActiveCfg = Debug|Any CPU
		{56BF9C41-6AE9-43B0-9BA9-8A800B60042E}.Ad-Hoc|Any CPU.Build.0 = Debug|Any CPU
		{56BF9C41-6AE9-43B0-9BA9-8A800B60042E}.Ad-Hoc|Any CPU.Deploy.0 = Debug|Any CPU
		{56BF9C41-6AE9-43B0-9BA9-8A800B60042E}.Ad-Hoc|ARM.ActiveCfg = Debug|Any CPU
		{56BF9C41-6AE9-43B0-9BA9-8A800B60042E}.Ad-Hoc|ARM.Build.0 = Debug|Any CPU
		{56BF9C41-6AE9-43B0-9BA9-8A800B60042E}.Ad-Hoc|ARM.Deploy.0 = Debug|Any CPU
		{56BF9C41-6AE9-43B0-9BA9-8A800B60042E}.Ad-Hoc|iPhone.ActiveCfg = Debug|Any CPU
		{56BF9C41-6AE9-43B0-9BA9-8A800B60042E}.Ad-Hoc|iPhone.Build.0 = Debug|Any CPU
		{56BF9C41-6AE9-43B0-9BA9-8A800B60042E}.Ad-Hoc|iPhone.Deploy.0 = Debug|Any CPU
		{56BF9C41-6AE9-43B0-9BA9-8A800B60042E}.Ad-Hoc|iPhoneSimulator.ActiveCfg = Debug|Any CPU
		{56BF9C41-6AE9-43B0-9BA9-8A800B60042E}.Ad-Hoc|iPhoneSimulator.Build.0 = Debug|Any CPU
		{56BF9C41-6AE9-43B0-9BA9-8A800B60042E}.Ad-Hoc|iPhoneSimulator.Deploy.0 = Debug|Any CPU
		{56BF9C41-6AE9-43B0-9BA9-8A800B60042E}.Ad-Hoc|x64.ActiveCfg = Debug|Any CPU
		{56BF9C41-6AE9-43B0-9BA9-8A800B60042E}.Ad-Hoc|x64.Build.0 = Debug|Any CPU
		{56BF9C41-6AE9-43B0-9BA9-8A800B60042E}.Ad-Hoc|x64.Deploy.0 = Debug|Any CPU
		{56BF9C41-6AE9-43B0-9BA9-8A800B60042E}.Ad-Hoc|x86.ActiveCfg = Debug|Any CPU
		{56BF9C41-6AE9-43B0-9BA9-8A800B60042E}.Ad-Hoc|x86.Build.0 = Debug|Any CPU
		{56BF9C41-6AE9-43B0-9BA9-8A800B60042E}.Ad-Hoc|x86.Deploy.0 = Debug|Any CPU
		{56BF9C41-6AE9-43B0-9BA9-8A800B60042E}.AppStore|Any CPU.ActiveCfg = Debug|Any CPU
		{56BF9C41-6AE9-43B0-9BA9-8A800B60042E}.AppStore|Any CPU.Build.0 = Debug|Any CPU
		{56BF9C41-6AE9-43B0-9BA9-8A800B60042E}.AppStore|Any CPU.Deploy.0 = Debug|Any CPU
		{56BF9C41-6AE9-43B0-9BA9-8A800B60042E}.AppStore|ARM.ActiveCfg = Debug|Any CPU
		{56BF9C41-6AE9-43B0-9BA9-8A800B60042E}.AppStore|ARM.Build.0 = Debug|Any CPU
		{56BF9C41-6AE9-43B0-9BA9-8A800B60042E}.AppStore|ARM.Deploy.0 = Debug|Any CPU
		{56BF9C41-6AE9-43B0-9BA9-8A800B60042E}.AppStore|iPhone.ActiveCfg = Debug|Any CPU
		{56BF9C41-6AE9-43B0-9BA9-8A800B60042E}.AppStore|iPhone.Build.0 = Debug|Any CPU
		{56BF9C41-6AE9-43B0-9BA9-8A800B60042E}.AppStore|iPhone.Deploy.0 = Debug|Any CPU
		{56BF9C41-6AE9-43B0-9BA9-8A800B60042E}.AppStore|iPhoneSimulator.ActiveCfg = Debug|Any CPU
		{56BF9C41-6AE9-43B0-9BA9-8A800B60042E}.AppStore|iPhoneSimulator.Build.0 = Debug|Any CPU
		{56BF9C41-6AE9-43B0-9BA9-8A800B60042E}.AppStore|iPhoneSimulator.Deploy.0 = Debug|Any CPU
		{56BF9C41-6AE9-43B0-9BA9-8A800B60042E}.AppStore|x64.ActiveCfg = Debug|Any CPU
		{56BF9C41-6AE9-43B0-9BA9-8A800B60042E}.AppStore|x64.Build.0 = Debug|Any CPU
		{56BF9C41-6AE9-43B0-9BA9-8A800B60042E}.AppStore|x64.Deploy.0 = Debug|Any CPU
		{56BF9C41-6AE9-43B0-9BA9-8A800B60042E}.AppStore|x86.ActiveCfg = Debug|Any CPU
		{56BF9C41-6AE9-43B0-9BA9-8A800B60042E}.AppStore|x86.Build.0 = Debug|Any CPU
		{56BF9C41-6AE9-43B0-9BA9-8A800B60042E}.AppStore|x86.Deploy.0 = Debug|Any CPU
		{56BF9C41-6AE9-43B0-9BA9-8A800B60042E}.Debug|Any CPU.ActiveCfg = Debug|Any CPU
		{56BF9C41-6AE9-43B0-9BA9-8A800B60042E}.Debug|Any CPU.Build.0 = Debug|Any CPU
		{56BF9C41-6AE9-43B0-9BA9-8A800B60042E}.Debug|Any CPU.Deploy.0 = Debug|Any CPU
		{56BF9C41-6AE9-43B0-9BA9-8A800B60042E}.Debug|ARM.ActiveCfg = Debug|Any CPU
		{56BF9C41-6AE9-43B0-9BA9-8A800B60042E}.Debug|ARM.Build.0 = Debug|Any CPU
		{56BF9C41-6AE9-43B0-9BA9-8A800B60042E}.Debug|ARM.Deploy.0 = Debug|Any CPU
		{56BF9C41-6AE9-43B0-9BA9-8A800B60042E}.Debug|iPhone.ActiveCfg = Debug|Any CPU
		{56BF9C41-6AE9-43B0-9BA9-8A800B60042E}.Debug|iPhone.Build.0 = Debug|Any CPU
		{56BF9C41-6AE9-43B0-9BA9-8A800B60042E}.Debug|iPhone.Deploy.0 = Debug|Any CPU
		{56BF9C41-6AE9-43B0-9BA9-8A800B60042E}.Debug|iPhoneSimulator.ActiveCfg = Debug|Any CPU
		{56BF9C41-6AE9-43B0-9BA9-8A800B60042E}.Debug|iPhoneSimulator.Build.0 = Debug|Any CPU
		{56BF9C41-6AE9-43B0-9BA9-8A800B60042E}.Debug|iPhoneSimulator.Deploy.0 = Debug|Any CPU
		{56BF9C41-6AE9-43B0-9BA9-8A800B60042E}.Debug|x64.ActiveCfg = Debug|Any CPU
		{56BF9C41-6AE9-43B0-9BA9-8A800B60042E}.Debug|x64.Build.0 = Debug|Any CPU
		{56BF9C41-6AE9-43B0-9BA9-8A800B60042E}.Debug|x64.Deploy.0 = Debug|Any CPU
		{56BF9C41-6AE9-43B0-9BA9-8A800B60042E}.Debug|x86.ActiveCfg = Debug|Any CPU
		{56BF9C41-6AE9-43B0-9BA9-8A800B60042E}.Debug|x86.Build.0 = Debug|Any CPU
		{56BF9C41-6AE9-43B0-9BA9-8A800B60042E}.Debug|x86.Deploy.0 = Debug|Any CPU
		{56BF9C41-6AE9-43B0-9BA9-8A800B60042E}.Release|Any CPU.ActiveCfg = Release|Any CPU
		{56BF9C41-6AE9-43B0-9BA9-8A800B60042E}.Release|Any CPU.Build.0 = Release|Any CPU
		{56BF9C41-6AE9-43B0-9BA9-8A800B60042E}.Release|Any CPU.Deploy.0 = Release|Any CPU
		{56BF9C41-6AE9-43B0-9BA9-8A800B60042E}.Release|ARM.ActiveCfg = Release|Any CPU
		{56BF9C41-6AE9-43B0-9BA9-8A800B60042E}.Release|ARM.Build.0 = Release|Any CPU
		{56BF9C41-6AE9-43B0-9BA9-8A800B60042E}.Release|ARM.Deploy.0 = Release|Any CPU
		{56BF9C41-6AE9-43B0-9BA9-8A800B60042E}.Release|iPhone.ActiveCfg = Release|Any CPU
		{56BF9C41-6AE9-43B0-9BA9-8A800B60042E}.Release|iPhone.Build.0 = Release|Any CPU
		{56BF9C41-6AE9-43B0-9BA9-8A800B60042E}.Release|iPhone.Deploy.0 = Release|Any CPU
		{56BF9C41-6AE9-43B0-9BA9-8A800B60042E}.Release|iPhoneSimulator.ActiveCfg = Release|Any CPU
		{56BF9C41-6AE9-43B0-9BA9-8A800B60042E}.Release|iPhoneSimulator.Build.0 = Release|Any CPU
		{56BF9C41-6AE9-43B0-9BA9-8A800B60042E}.Release|iPhoneSimulator.Deploy.0 = Release|Any CPU
		{56BF9C41-6AE9-43B0-9BA9-8A800B60042E}.Release|x64.ActiveCfg = Release|Any CPU
		{56BF9C41-6AE9-43B0-9BA9-8A800B60042E}.Release|x64.Build.0 = Release|Any CPU
		{56BF9C41-6AE9-43B0-9BA9-8A800B60042E}.Release|x64.Deploy.0 = Release|Any CPU
		{56BF9C41-6AE9-43B0-9BA9-8A800B60042E}.Release|x86.ActiveCfg = Release|Any CPU
		{56BF9C41-6AE9-43B0-9BA9-8A800B60042E}.Release|x86.Build.0 = Release|Any CPU
		{56BF9C41-6AE9-43B0-9BA9-8A800B60042E}.Release|x86.Deploy.0 = Release|Any CPU
		{F9B5F4CE-4581-42FD-B6A6-44A212009773}.Ad-Hoc|Any CPU.ActiveCfg = Release|Any CPU
		{F9B5F4CE-4581-42FD-B6A6-44A212009773}.Ad-Hoc|Any CPU.Build.0 = Release|Any CPU
		{F9B5F4CE-4581-42FD-B6A6-44A212009773}.Ad-Hoc|ARM.ActiveCfg = Release|Any CPU
		{F9B5F4CE-4581-42FD-B6A6-44A212009773}.Ad-Hoc|ARM.Build.0 = Release|Any CPU
		{F9B5F4CE-4581-42FD-B6A6-44A212009773}.Ad-Hoc|iPhone.ActiveCfg = Release|Any CPU
		{F9B5F4CE-4581-42FD-B6A6-44A212009773}.Ad-Hoc|iPhone.Build.0 = Release|Any CPU
		{F9B5F4CE-4581-42FD-B6A6-44A212009773}.Ad-Hoc|iPhoneSimulator.ActiveCfg = Release|Any CPU
		{F9B5F4CE-4581-42FD-B6A6-44A212009773}.Ad-Hoc|iPhoneSimulator.Build.0 = Release|Any CPU
		{F9B5F4CE-4581-42FD-B6A6-44A212009773}.Ad-Hoc|x64.ActiveCfg = Release|Any CPU
		{F9B5F4CE-4581-42FD-B6A6-44A212009773}.Ad-Hoc|x64.Build.0 = Release|Any CPU
		{F9B5F4CE-4581-42FD-B6A6-44A212009773}.Ad-Hoc|x86.ActiveCfg = Release|Any CPU
		{F9B5F4CE-4581-42FD-B6A6-44A212009773}.Ad-Hoc|x86.Build.0 = Release|Any CPU
		{F9B5F4CE-4581-42FD-B6A6-44A212009773}.AppStore|Any CPU.ActiveCfg = Release|Any CPU
		{F9B5F4CE-4581-42FD-B6A6-44A212009773}.AppStore|Any CPU.Build.0 = Release|Any CPU
		{F9B5F4CE-4581-42FD-B6A6-44A212009773}.AppStore|ARM.ActiveCfg = Release|Any CPU
		{F9B5F4CE-4581-42FD-B6A6-44A212009773}.AppStore|ARM.Build.0 = Release|Any CPU
		{F9B5F4CE-4581-42FD-B6A6-44A212009773}.AppStore|iPhone.ActiveCfg = Release|Any CPU
		{F9B5F4CE-4581-42FD-B6A6-44A212009773}.AppStore|iPhone.Build.0 = Release|Any CPU
		{F9B5F4CE-4581-42FD-B6A6-44A212009773}.AppStore|iPhoneSimulator.ActiveCfg = Release|Any CPU
		{F9B5F4CE-4581-42FD-B6A6-44A212009773}.AppStore|iPhoneSimulator.Build.0 = Release|Any CPU
		{F9B5F4CE-4581-42FD-B6A6-44A212009773}.AppStore|x64.ActiveCfg = Release|Any CPU
		{F9B5F4CE-4581-42FD-B6A6-44A212009773}.AppStore|x64.Build.0 = Release|Any CPU
		{F9B5F4CE-4581-42FD-B6A6-44A212009773}.AppStore|x86.ActiveCfg = Release|Any CPU
		{F9B5F4CE-4581-42FD-B6A6-44A212009773}.AppStore|x86.Build.0 = Release|Any CPU
		{F9B5F4CE-4581-42FD-B6A6-44A212009773}.Debug|Any CPU.ActiveCfg = Debug|Any CPU
		{F9B5F4CE-4581-42FD-B6A6-44A212009773}.Debug|Any CPU.Build.0 = Debug|Any CPU
		{F9B5F4CE-4581-42FD-B6A6-44A212009773}.Debug|ARM.ActiveCfg = Debug|Any CPU
		{F9B5F4CE-4581-42FD-B6A6-44A212009773}.Debug|ARM.Build.0 = Debug|Any CPU
		{F9B5F4CE-4581-42FD-B6A6-44A212009773}.Debug|iPhone.ActiveCfg = Debug|Any CPU
		{F9B5F4CE-4581-42FD-B6A6-44A212009773}.Debug|iPhone.Build.0 = Debug|Any CPU
		{F9B5F4CE-4581-42FD-B6A6-44A212009773}.Debug|iPhoneSimulator.ActiveCfg = Debug|Any CPU
		{F9B5F4CE-4581-42FD-B6A6-44A212009773}.Debug|iPhoneSimulator.Build.0 = Debug|Any CPU
		{F9B5F4CE-4581-42FD-B6A6-44A212009773}.Debug|x64.ActiveCfg = Debug|Any CPU
		{F9B5F4CE-4581-42FD-B6A6-44A212009773}.Debug|x64.Build.0 = Debug|Any CPU
		{F9B5F4CE-4581-42FD-B6A6-44A212009773}.Debug|x86.ActiveCfg = Debug|Any CPU
		{F9B5F4CE-4581-42FD-B6A6-44A212009773}.Debug|x86.Build.0 = Debug|Any CPU
		{F9B5F4CE-4581-42FD-B6A6-44A212009773}.Release|Any CPU.ActiveCfg = Release|Any CPU
		{F9B5F4CE-4581-42FD-B6A6-44A212009773}.Release|Any CPU.Build.0 = Release|Any CPU
		{F9B5F4CE-4581-42FD-B6A6-44A212009773}.Release|ARM.ActiveCfg = Release|Any CPU
		{F9B5F4CE-4581-42FD-B6A6-44A212009773}.Release|ARM.Build.0 = Release|Any CPU
		{F9B5F4CE-4581-42FD-B6A6-44A212009773}.Release|iPhone.ActiveCfg = Release|Any CPU
		{F9B5F4CE-4581-42FD-B6A6-44A212009773}.Release|iPhone.Build.0 = Release|Any CPU
		{F9B5F4CE-4581-42FD-B6A6-44A212009773}.Release|iPhoneSimulator.ActiveCfg = Release|Any CPU
		{F9B5F4CE-4581-42FD-B6A6-44A212009773}.Release|iPhoneSimulator.Build.0 = Release|Any CPU
		{F9B5F4CE-4581-42FD-B6A6-44A212009773}.Release|x64.ActiveCfg = Release|Any CPU
		{F9B5F4CE-4581-42FD-B6A6-44A212009773}.Release|x64.Build.0 = Release|Any CPU
		{F9B5F4CE-4581-42FD-B6A6-44A212009773}.Release|x86.ActiveCfg = Release|Any CPU
		{F9B5F4CE-4581-42FD-B6A6-44A212009773}.Release|x86.Build.0 = Release|Any CPU
		{B19C892E-2628-4CA7-AD27-08D406A3B14B}.Ad-Hoc|Any CPU.ActiveCfg = Release|Any CPU
		{B19C892E-2628-4CA7-AD27-08D406A3B14B}.Ad-Hoc|Any CPU.Build.0 = Release|Any CPU
		{B19C892E-2628-4CA7-AD27-08D406A3B14B}.Ad-Hoc|ARM.ActiveCfg = Release|Any CPU
		{B19C892E-2628-4CA7-AD27-08D406A3B14B}.Ad-Hoc|ARM.Build.0 = Release|Any CPU
		{B19C892E-2628-4CA7-AD27-08D406A3B14B}.Ad-Hoc|iPhone.ActiveCfg = Release|Any CPU
		{B19C892E-2628-4CA7-AD27-08D406A3B14B}.Ad-Hoc|iPhone.Build.0 = Release|Any CPU
		{B19C892E-2628-4CA7-AD27-08D406A3B14B}.Ad-Hoc|iPhoneSimulator.ActiveCfg = Release|Any CPU
		{B19C892E-2628-4CA7-AD27-08D406A3B14B}.Ad-Hoc|iPhoneSimulator.Build.0 = Release|Any CPU
		{B19C892E-2628-4CA7-AD27-08D406A3B14B}.Ad-Hoc|x64.ActiveCfg = Release|Any CPU
		{B19C892E-2628-4CA7-AD27-08D406A3B14B}.Ad-Hoc|x64.Build.0 = Release|Any CPU
		{B19C892E-2628-4CA7-AD27-08D406A3B14B}.Ad-Hoc|x86.ActiveCfg = Release|Any CPU
		{B19C892E-2628-4CA7-AD27-08D406A3B14B}.Ad-Hoc|x86.Build.0 = Release|Any CPU
		{B19C892E-2628-4CA7-AD27-08D406A3B14B}.AppStore|Any CPU.ActiveCfg = Release|Any CPU
		{B19C892E-2628-4CA7-AD27-08D406A3B14B}.AppStore|Any CPU.Build.0 = Release|Any CPU
		{B19C892E-2628-4CA7-AD27-08D406A3B14B}.AppStore|ARM.ActiveCfg = Release|Any CPU
		{B19C892E-2628-4CA7-AD27-08D406A3B14B}.AppStore|ARM.Build.0 = Release|Any CPU
		{B19C892E-2628-4CA7-AD27-08D406A3B14B}.AppStore|iPhone.ActiveCfg = Release|Any CPU
		{B19C892E-2628-4CA7-AD27-08D406A3B14B}.AppStore|iPhone.Build.0 = Release|Any CPU
		{B19C892E-2628-4CA7-AD27-08D406A3B14B}.AppStore|iPhoneSimulator.ActiveCfg = Release|Any CPU
		{B19C892E-2628-4CA7-AD27-08D406A3B14B}.AppStore|iPhoneSimulator.Build.0 = Release|Any CPU
		{B19C892E-2628-4CA7-AD27-08D406A3B14B}.AppStore|x64.ActiveCfg = Release|Any CPU
		{B19C892E-2628-4CA7-AD27-08D406A3B14B}.AppStore|x64.Build.0 = Release|Any CPU
		{B19C892E-2628-4CA7-AD27-08D406A3B14B}.AppStore|x86.ActiveCfg = Release|Any CPU
		{B19C892E-2628-4CA7-AD27-08D406A3B14B}.AppStore|x86.Build.0 = Release|Any CPU
		{B19C892E-2628-4CA7-AD27-08D406A3B14B}.Debug|Any CPU.ActiveCfg = Debug|Any CPU
		{B19C892E-2628-4CA7-AD27-08D406A3B14B}.Debug|Any CPU.Build.0 = Debug|Any CPU
		{B19C892E-2628-4CA7-AD27-08D406A3B14B}.Debug|ARM.ActiveCfg = Debug|Any CPU
		{B19C892E-2628-4CA7-AD27-08D406A3B14B}.Debug|ARM.Build.0 = Debug|Any CPU
		{B19C892E-2628-4CA7-AD27-08D406A3B14B}.Debug|iPhone.ActiveCfg = Debug|Any CPU
		{B19C892E-2628-4CA7-AD27-08D406A3B14B}.Debug|iPhone.Build.0 = Debug|Any CPU
		{B19C892E-2628-4CA7-AD27-08D406A3B14B}.Debug|iPhoneSimulator.ActiveCfg = Debug|Any CPU
		{B19C892E-2628-4CA7-AD27-08D406A3B14B}.Debug|iPhoneSimulator.Build.0 = Debug|Any CPU
		{B19C892E-2628-4CA7-AD27-08D406A3B14B}.Debug|x64.ActiveCfg = Debug|Any CPU
		{B19C892E-2628-4CA7-AD27-08D406A3B14B}.Debug|x64.Build.0 = Debug|Any CPU
		{B19C892E-2628-4CA7-AD27-08D406A3B14B}.Debug|x86.ActiveCfg = Debug|Any CPU
		{B19C892E-2628-4CA7-AD27-08D406A3B14B}.Debug|x86.Build.0 = Debug|Any CPU
		{B19C892E-2628-4CA7-AD27-08D406A3B14B}.Release|Any CPU.ActiveCfg = Release|Any CPU
		{B19C892E-2628-4CA7-AD27-08D406A3B14B}.Release|Any CPU.Build.0 = Release|Any CPU
		{B19C892E-2628-4CA7-AD27-08D406A3B14B}.Release|ARM.ActiveCfg = Release|Any CPU
		{B19C892E-2628-4CA7-AD27-08D406A3B14B}.Release|ARM.Build.0 = Release|Any CPU
		{B19C892E-2628-4CA7-AD27-08D406A3B14B}.Release|iPhone.ActiveCfg = Release|Any CPU
		{B19C892E-2628-4CA7-AD27-08D406A3B14B}.Release|iPhone.Build.0 = Release|Any CPU
		{B19C892E-2628-4CA7-AD27-08D406A3B14B}.Release|iPhoneSimulator.ActiveCfg = Release|Any CPU
		{B19C892E-2628-4CA7-AD27-08D406A3B14B}.Release|iPhoneSimulator.Build.0 = Release|Any CPU
		{B19C892E-2628-4CA7-AD27-08D406A3B14B}.Release|x64.ActiveCfg = Release|Any CPU
		{B19C892E-2628-4CA7-AD27-08D406A3B14B}.Release|x64.Build.0 = Release|Any CPU
		{B19C892E-2628-4CA7-AD27-08D406A3B14B}.Release|x86.ActiveCfg = Release|Any CPU
		{B19C892E-2628-4CA7-AD27-08D406A3B14B}.Release|x86.Build.0 = Release|Any CPU
		{0DA38B04-5EAF-4A38-8311-0CC3B8952E39}.Ad-Hoc|Any CPU.ActiveCfg = Release|Any CPU
		{0DA38B04-5EAF-4A38-8311-0CC3B8952E39}.Ad-Hoc|Any CPU.Build.0 = Release|Any CPU
		{0DA38B04-5EAF-4A38-8311-0CC3B8952E39}.Ad-Hoc|ARM.ActiveCfg = Release|Any CPU
		{0DA38B04-5EAF-4A38-8311-0CC3B8952E39}.Ad-Hoc|ARM.Build.0 = Release|Any CPU
		{0DA38B04-5EAF-4A38-8311-0CC3B8952E39}.Ad-Hoc|iPhone.ActiveCfg = Release|Any CPU
		{0DA38B04-5EAF-4A38-8311-0CC3B8952E39}.Ad-Hoc|iPhone.Build.0 = Release|Any CPU
		{0DA38B04-5EAF-4A38-8311-0CC3B8952E39}.Ad-Hoc|iPhoneSimulator.ActiveCfg = Release|Any CPU
		{0DA38B04-5EAF-4A38-8311-0CC3B8952E39}.Ad-Hoc|iPhoneSimulator.Build.0 = Release|Any CPU
		{0DA38B04-5EAF-4A38-8311-0CC3B8952E39}.Ad-Hoc|x64.ActiveCfg = Release|Any CPU
		{0DA38B04-5EAF-4A38-8311-0CC3B8952E39}.Ad-Hoc|x64.Build.0 = Release|Any CPU
		{0DA38B04-5EAF-4A38-8311-0CC3B8952E39}.Ad-Hoc|x86.ActiveCfg = Release|Any CPU
		{0DA38B04-5EAF-4A38-8311-0CC3B8952E39}.Ad-Hoc|x86.Build.0 = Release|Any CPU
		{0DA38B04-5EAF-4A38-8311-0CC3B8952E39}.AppStore|Any CPU.ActiveCfg = Release|Any CPU
		{0DA38B04-5EAF-4A38-8311-0CC3B8952E39}.AppStore|Any CPU.Build.0 = Release|Any CPU
		{0DA38B04-5EAF-4A38-8311-0CC3B8952E39}.AppStore|ARM.ActiveCfg = Release|Any CPU
		{0DA38B04-5EAF-4A38-8311-0CC3B8952E39}.AppStore|ARM.Build.0 = Release|Any CPU
		{0DA38B04-5EAF-4A38-8311-0CC3B8952E39}.AppStore|iPhone.ActiveCfg = Release|Any CPU
		{0DA38B04-5EAF-4A38-8311-0CC3B8952E39}.AppStore|iPhone.Build.0 = Release|Any CPU
		{0DA38B04-5EAF-4A38-8311-0CC3B8952E39}.AppStore|iPhoneSimulator.ActiveCfg = Release|Any CPU
		{0DA38B04-5EAF-4A38-8311-0CC3B8952E39}.AppStore|iPhoneSimulator.Build.0 = Release|Any CPU
		{0DA38B04-5EAF-4A38-8311-0CC3B8952E39}.AppStore|x64.ActiveCfg = Release|Any CPU
		{0DA38B04-5EAF-4A38-8311-0CC3B8952E39}.AppStore|x64.Build.0 = Release|Any CPU
		{0DA38B04-5EAF-4A38-8311-0CC3B8952E39}.AppStore|x86.ActiveCfg = Release|Any CPU
		{0DA38B04-5EAF-4A38-8311-0CC3B8952E39}.AppStore|x86.Build.0 = Release|Any CPU
		{0DA38B04-5EAF-4A38-8311-0CC3B8952E39}.Debug|Any CPU.ActiveCfg = Debug|Any CPU
		{0DA38B04-5EAF-4A38-8311-0CC3B8952E39}.Debug|Any CPU.Build.0 = Debug|Any CPU
		{0DA38B04-5EAF-4A38-8311-0CC3B8952E39}.Debug|ARM.ActiveCfg = Debug|Any CPU
		{0DA38B04-5EAF-4A38-8311-0CC3B8952E39}.Debug|ARM.Build.0 = Debug|Any CPU
		{0DA38B04-5EAF-4A38-8311-0CC3B8952E39}.Debug|iPhone.ActiveCfg = Debug|Any CPU
		{0DA38B04-5EAF-4A38-8311-0CC3B8952E39}.Debug|iPhone.Build.0 = Debug|Any CPU
		{0DA38B04-5EAF-4A38-8311-0CC3B8952E39}.Debug|iPhoneSimulator.ActiveCfg = Debug|Any CPU
		{0DA38B04-5EAF-4A38-8311-0CC3B8952E39}.Debug|iPhoneSimulator.Build.0 = Debug|Any CPU
		{0DA38B04-5EAF-4A38-8311-0CC3B8952E39}.Debug|x64.ActiveCfg = Debug|Any CPU
		{0DA38B04-5EAF-4A38-8311-0CC3B8952E39}.Debug|x64.Build.0 = Debug|Any CPU
		{0DA38B04-5EAF-4A38-8311-0CC3B8952E39}.Debug|x86.ActiveCfg = Debug|Any CPU
		{0DA38B04-5EAF-4A38-8311-0CC3B8952E39}.Debug|x86.Build.0 = Debug|Any CPU
		{0DA38B04-5EAF-4A38-8311-0CC3B8952E39}.Release|Any CPU.ActiveCfg = Release|Any CPU
		{0DA38B04-5EAF-4A38-8311-0CC3B8952E39}.Release|Any CPU.Build.0 = Release|Any CPU
		{0DA38B04-5EAF-4A38-8311-0CC3B8952E39}.Release|ARM.ActiveCfg = Release|Any CPU
		{0DA38B04-5EAF-4A38-8311-0CC3B8952E39}.Release|ARM.Build.0 = Release|Any CPU
		{0DA38B04-5EAF-4A38-8311-0CC3B8952E39}.Release|iPhone.ActiveCfg = Release|Any CPU
		{0DA38B04-5EAF-4A38-8311-0CC3B8952E39}.Release|iPhone.Build.0 = Release|Any CPU
		{0DA38B04-5EAF-4A38-8311-0CC3B8952E39}.Release|iPhoneSimulator.ActiveCfg = Release|Any CPU
		{0DA38B04-5EAF-4A38-8311-0CC3B8952E39}.Release|iPhoneSimulator.Build.0 = Release|Any CPU
		{0DA38B04-5EAF-4A38-8311-0CC3B8952E39}.Release|x64.ActiveCfg = Release|Any CPU
		{0DA38B04-5EAF-4A38-8311-0CC3B8952E39}.Release|x64.Build.0 = Release|Any CPU
		{0DA38B04-5EAF-4A38-8311-0CC3B8952E39}.Release|x86.ActiveCfg = Release|Any CPU
		{0DA38B04-5EAF-4A38-8311-0CC3B8952E39}.Release|x86.Build.0 = Release|Any CPU
		{56E5237A-FE7B-4499-8C4C-462471766AD2}.Ad-Hoc|Any CPU.ActiveCfg = Debug|Any CPU
		{56E5237A-FE7B-4499-8C4C-462471766AD2}.Ad-Hoc|Any CPU.Build.0 = Debug|Any CPU
		{56E5237A-FE7B-4499-8C4C-462471766AD2}.Ad-Hoc|ARM.ActiveCfg = Debug|Any CPU
		{56E5237A-FE7B-4499-8C4C-462471766AD2}.Ad-Hoc|ARM.Build.0 = Debug|Any CPU
		{56E5237A-FE7B-4499-8C4C-462471766AD2}.Ad-Hoc|iPhone.ActiveCfg = Debug|Any CPU
		{56E5237A-FE7B-4499-8C4C-462471766AD2}.Ad-Hoc|iPhone.Build.0 = Debug|Any CPU
		{56E5237A-FE7B-4499-8C4C-462471766AD2}.Ad-Hoc|iPhoneSimulator.ActiveCfg = Debug|Any CPU
		{56E5237A-FE7B-4499-8C4C-462471766AD2}.Ad-Hoc|iPhoneSimulator.Build.0 = Debug|Any CPU
		{56E5237A-FE7B-4499-8C4C-462471766AD2}.Ad-Hoc|x64.ActiveCfg = Debug|Any CPU
		{56E5237A-FE7B-4499-8C4C-462471766AD2}.Ad-Hoc|x64.Build.0 = Debug|Any CPU
		{56E5237A-FE7B-4499-8C4C-462471766AD2}.Ad-Hoc|x86.ActiveCfg = Debug|Any CPU
		{56E5237A-FE7B-4499-8C4C-462471766AD2}.Ad-Hoc|x86.Build.0 = Debug|Any CPU
		{56E5237A-FE7B-4499-8C4C-462471766AD2}.AppStore|Any CPU.ActiveCfg = Debug|Any CPU
		{56E5237A-FE7B-4499-8C4C-462471766AD2}.AppStore|Any CPU.Build.0 = Debug|Any CPU
		{56E5237A-FE7B-4499-8C4C-462471766AD2}.AppStore|ARM.ActiveCfg = Debug|Any CPU
		{56E5237A-FE7B-4499-8C4C-462471766AD2}.AppStore|ARM.Build.0 = Debug|Any CPU
		{56E5237A-FE7B-4499-8C4C-462471766AD2}.AppStore|iPhone.ActiveCfg = Debug|Any CPU
		{56E5237A-FE7B-4499-8C4C-462471766AD2}.AppStore|iPhone.Build.0 = Debug|Any CPU
		{56E5237A-FE7B-4499-8C4C-462471766AD2}.AppStore|iPhoneSimulator.ActiveCfg = Debug|Any CPU
		{56E5237A-FE7B-4499-8C4C-462471766AD2}.AppStore|iPhoneSimulator.Build.0 = Debug|Any CPU
		{56E5237A-FE7B-4499-8C4C-462471766AD2}.AppStore|x64.ActiveCfg = Debug|Any CPU
		{56E5237A-FE7B-4499-8C4C-462471766AD2}.AppStore|x64.Build.0 = Debug|Any CPU
		{56E5237A-FE7B-4499-8C4C-462471766AD2}.AppStore|x86.ActiveCfg = Debug|Any CPU
		{56E5237A-FE7B-4499-8C4C-462471766AD2}.AppStore|x86.Build.0 = Debug|Any CPU
		{56E5237A-FE7B-4499-8C4C-462471766AD2}.Debug|Any CPU.ActiveCfg = Debug|Any CPU
		{56E5237A-FE7B-4499-8C4C-462471766AD2}.Debug|Any CPU.Build.0 = Debug|Any CPU
		{56E5237A-FE7B-4499-8C4C-462471766AD2}.Debug|ARM.ActiveCfg = Debug|Any CPU
		{56E5237A-FE7B-4499-8C4C-462471766AD2}.Debug|ARM.Build.0 = Debug|Any CPU
		{56E5237A-FE7B-4499-8C4C-462471766AD2}.Debug|iPhone.ActiveCfg = Debug|Any CPU
		{56E5237A-FE7B-4499-8C4C-462471766AD2}.Debug|iPhone.Build.0 = Debug|Any CPU
		{56E5237A-FE7B-4499-8C4C-462471766AD2}.Debug|iPhoneSimulator.ActiveCfg = Debug|Any CPU
		{56E5237A-FE7B-4499-8C4C-462471766AD2}.Debug|iPhoneSimulator.Build.0 = Debug|Any CPU
		{56E5237A-FE7B-4499-8C4C-462471766AD2}.Debug|x64.ActiveCfg = Debug|Any CPU
		{56E5237A-FE7B-4499-8C4C-462471766AD2}.Debug|x64.Build.0 = Debug|Any CPU
		{56E5237A-FE7B-4499-8C4C-462471766AD2}.Debug|x86.ActiveCfg = Debug|Any CPU
		{56E5237A-FE7B-4499-8C4C-462471766AD2}.Debug|x86.Build.0 = Debug|Any CPU
		{56E5237A-FE7B-4499-8C4C-462471766AD2}.Release|Any CPU.ActiveCfg = Release|Any CPU
		{56E5237A-FE7B-4499-8C4C-462471766AD2}.Release|Any CPU.Build.0 = Release|Any CPU
		{56E5237A-FE7B-4499-8C4C-462471766AD2}.Release|ARM.ActiveCfg = Release|Any CPU
		{56E5237A-FE7B-4499-8C4C-462471766AD2}.Release|ARM.Build.0 = Release|Any CPU
		{56E5237A-FE7B-4499-8C4C-462471766AD2}.Release|iPhone.ActiveCfg = Release|Any CPU
		{56E5237A-FE7B-4499-8C4C-462471766AD2}.Release|iPhone.Build.0 = Release|Any CPU
		{56E5237A-FE7B-4499-8C4C-462471766AD2}.Release|iPhoneSimulator.ActiveCfg = Release|Any CPU
		{56E5237A-FE7B-4499-8C4C-462471766AD2}.Release|iPhoneSimulator.Build.0 = Release|Any CPU
		{56E5237A-FE7B-4499-8C4C-462471766AD2}.Release|x64.ActiveCfg = Release|Any CPU
		{56E5237A-FE7B-4499-8C4C-462471766AD2}.Release|x64.Build.0 = Release|Any CPU
		{56E5237A-FE7B-4499-8C4C-462471766AD2}.Release|x86.ActiveCfg = Release|Any CPU
		{56E5237A-FE7B-4499-8C4C-462471766AD2}.Release|x86.Build.0 = Release|Any CPU
		{2C4B6431-43DB-4FB2-8094-308993DF688F}.Ad-Hoc|Any CPU.ActiveCfg = Debug|Any CPU
		{2C4B6431-43DB-4FB2-8094-308993DF688F}.Ad-Hoc|Any CPU.Build.0 = Debug|Any CPU
		{2C4B6431-43DB-4FB2-8094-308993DF688F}.Ad-Hoc|ARM.ActiveCfg = Debug|Any CPU
		{2C4B6431-43DB-4FB2-8094-308993DF688F}.Ad-Hoc|ARM.Build.0 = Debug|Any CPU
		{2C4B6431-43DB-4FB2-8094-308993DF688F}.Ad-Hoc|iPhone.ActiveCfg = Debug|Any CPU
		{2C4B6431-43DB-4FB2-8094-308993DF688F}.Ad-Hoc|iPhone.Build.0 = Debug|Any CPU
		{2C4B6431-43DB-4FB2-8094-308993DF688F}.Ad-Hoc|iPhoneSimulator.ActiveCfg = Debug|Any CPU
		{2C4B6431-43DB-4FB2-8094-308993DF688F}.Ad-Hoc|iPhoneSimulator.Build.0 = Debug|Any CPU
		{2C4B6431-43DB-4FB2-8094-308993DF688F}.Ad-Hoc|x64.ActiveCfg = Debug|Any CPU
		{2C4B6431-43DB-4FB2-8094-308993DF688F}.Ad-Hoc|x64.Build.0 = Debug|Any CPU
		{2C4B6431-43DB-4FB2-8094-308993DF688F}.Ad-Hoc|x86.ActiveCfg = Debug|Any CPU
		{2C4B6431-43DB-4FB2-8094-308993DF688F}.Ad-Hoc|x86.Build.0 = Debug|Any CPU
		{2C4B6431-43DB-4FB2-8094-308993DF688F}.AppStore|Any CPU.ActiveCfg = Debug|Any CPU
		{2C4B6431-43DB-4FB2-8094-308993DF688F}.AppStore|Any CPU.Build.0 = Debug|Any CPU
		{2C4B6431-43DB-4FB2-8094-308993DF688F}.AppStore|ARM.ActiveCfg = Debug|Any CPU
		{2C4B6431-43DB-4FB2-8094-308993DF688F}.AppStore|ARM.Build.0 = Debug|Any CPU
		{2C4B6431-43DB-4FB2-8094-308993DF688F}.AppStore|iPhone.ActiveCfg = Debug|Any CPU
		{2C4B6431-43DB-4FB2-8094-308993DF688F}.AppStore|iPhone.Build.0 = Debug|Any CPU
		{2C4B6431-43DB-4FB2-8094-308993DF688F}.AppStore|iPhoneSimulator.ActiveCfg = Debug|Any CPU
		{2C4B6431-43DB-4FB2-8094-308993DF688F}.AppStore|iPhoneSimulator.Build.0 = Debug|Any CPU
		{2C4B6431-43DB-4FB2-8094-308993DF688F}.AppStore|x64.ActiveCfg = Debug|Any CPU
		{2C4B6431-43DB-4FB2-8094-308993DF688F}.AppStore|x64.Build.0 = Debug|Any CPU
		{2C4B6431-43DB-4FB2-8094-308993DF688F}.AppStore|x86.ActiveCfg = Debug|Any CPU
		{2C4B6431-43DB-4FB2-8094-308993DF688F}.AppStore|x86.Build.0 = Debug|Any CPU
		{2C4B6431-43DB-4FB2-8094-308993DF688F}.Debug|Any CPU.ActiveCfg = Debug|Any CPU
		{2C4B6431-43DB-4FB2-8094-308993DF688F}.Debug|Any CPU.Build.0 = Debug|Any CPU
		{2C4B6431-43DB-4FB2-8094-308993DF688F}.Debug|ARM.ActiveCfg = Debug|Any CPU
		{2C4B6431-43DB-4FB2-8094-308993DF688F}.Debug|ARM.Build.0 = Debug|Any CPU
		{2C4B6431-43DB-4FB2-8094-308993DF688F}.Debug|iPhone.ActiveCfg = Debug|Any CPU
		{2C4B6431-43DB-4FB2-8094-308993DF688F}.Debug|iPhone.Build.0 = Debug|Any CPU
		{2C4B6431-43DB-4FB2-8094-308993DF688F}.Debug|iPhoneSimulator.ActiveCfg = Debug|Any CPU
		{2C4B6431-43DB-4FB2-8094-308993DF688F}.Debug|iPhoneSimulator.Build.0 = Debug|Any CPU
		{2C4B6431-43DB-4FB2-8094-308993DF688F}.Debug|x64.ActiveCfg = Debug|Any CPU
		{2C4B6431-43DB-4FB2-8094-308993DF688F}.Debug|x64.Build.0 = Debug|Any CPU
		{2C4B6431-43DB-4FB2-8094-308993DF688F}.Debug|x86.ActiveCfg = Debug|Any CPU
		{2C4B6431-43DB-4FB2-8094-308993DF688F}.Debug|x86.Build.0 = Debug|Any CPU
		{2C4B6431-43DB-4FB2-8094-308993DF688F}.Release|Any CPU.ActiveCfg = Release|Any CPU
		{2C4B6431-43DB-4FB2-8094-308993DF688F}.Release|Any CPU.Build.0 = Release|Any CPU
		{2C4B6431-43DB-4FB2-8094-308993DF688F}.Release|ARM.ActiveCfg = Release|Any CPU
		{2C4B6431-43DB-4FB2-8094-308993DF688F}.Release|ARM.Build.0 = Release|Any CPU
		{2C4B6431-43DB-4FB2-8094-308993DF688F}.Release|iPhone.ActiveCfg = Release|Any CPU
		{2C4B6431-43DB-4FB2-8094-308993DF688F}.Release|iPhone.Build.0 = Release|Any CPU
		{2C4B6431-43DB-4FB2-8094-308993DF688F}.Release|iPhoneSimulator.ActiveCfg = Release|Any CPU
		{2C4B6431-43DB-4FB2-8094-308993DF688F}.Release|iPhoneSimulator.Build.0 = Release|Any CPU
		{2C4B6431-43DB-4FB2-8094-308993DF688F}.Release|x64.ActiveCfg = Release|Any CPU
		{2C4B6431-43DB-4FB2-8094-308993DF688F}.Release|x64.Build.0 = Release|Any CPU
		{2C4B6431-43DB-4FB2-8094-308993DF688F}.Release|x86.ActiveCfg = Release|Any CPU
		{2C4B6431-43DB-4FB2-8094-308993DF688F}.Release|x86.Build.0 = Release|Any CPU
		{DAEE7F4A-A77D-4B6E-AD04-80FBC9B4B99D}.Ad-Hoc|Any CPU.ActiveCfg = Debug|Any CPU
		{DAEE7F4A-A77D-4B6E-AD04-80FBC9B4B99D}.Ad-Hoc|Any CPU.Build.0 = Debug|Any CPU
		{DAEE7F4A-A77D-4B6E-AD04-80FBC9B4B99D}.Ad-Hoc|ARM.ActiveCfg = Debug|Any CPU
		{DAEE7F4A-A77D-4B6E-AD04-80FBC9B4B99D}.Ad-Hoc|ARM.Build.0 = Debug|Any CPU
		{DAEE7F4A-A77D-4B6E-AD04-80FBC9B4B99D}.Ad-Hoc|iPhone.ActiveCfg = Debug|Any CPU
		{DAEE7F4A-A77D-4B6E-AD04-80FBC9B4B99D}.Ad-Hoc|iPhone.Build.0 = Debug|Any CPU
		{DAEE7F4A-A77D-4B6E-AD04-80FBC9B4B99D}.Ad-Hoc|iPhoneSimulator.ActiveCfg = Debug|Any CPU
		{DAEE7F4A-A77D-4B6E-AD04-80FBC9B4B99D}.Ad-Hoc|iPhoneSimulator.Build.0 = Debug|Any CPU
		{DAEE7F4A-A77D-4B6E-AD04-80FBC9B4B99D}.Ad-Hoc|x64.ActiveCfg = Debug|Any CPU
		{DAEE7F4A-A77D-4B6E-AD04-80FBC9B4B99D}.Ad-Hoc|x64.Build.0 = Debug|Any CPU
		{DAEE7F4A-A77D-4B6E-AD04-80FBC9B4B99D}.Ad-Hoc|x86.ActiveCfg = Debug|Any CPU
		{DAEE7F4A-A77D-4B6E-AD04-80FBC9B4B99D}.Ad-Hoc|x86.Build.0 = Debug|Any CPU
		{DAEE7F4A-A77D-4B6E-AD04-80FBC9B4B99D}.AppStore|Any CPU.ActiveCfg = Debug|Any CPU
		{DAEE7F4A-A77D-4B6E-AD04-80FBC9B4B99D}.AppStore|Any CPU.Build.0 = Debug|Any CPU
		{DAEE7F4A-A77D-4B6E-AD04-80FBC9B4B99D}.AppStore|ARM.ActiveCfg = Debug|Any CPU
		{DAEE7F4A-A77D-4B6E-AD04-80FBC9B4B99D}.AppStore|ARM.Build.0 = Debug|Any CPU
		{DAEE7F4A-A77D-4B6E-AD04-80FBC9B4B99D}.AppStore|iPhone.ActiveCfg = Debug|Any CPU
		{DAEE7F4A-A77D-4B6E-AD04-80FBC9B4B99D}.AppStore|iPhone.Build.0 = Debug|Any CPU
		{DAEE7F4A-A77D-4B6E-AD04-80FBC9B4B99D}.AppStore|iPhoneSimulator.ActiveCfg = Debug|Any CPU
		{DAEE7F4A-A77D-4B6E-AD04-80FBC9B4B99D}.AppStore|iPhoneSimulator.Build.0 = Debug|Any CPU
		{DAEE7F4A-A77D-4B6E-AD04-80FBC9B4B99D}.AppStore|x64.ActiveCfg = Debug|Any CPU
		{DAEE7F4A-A77D-4B6E-AD04-80FBC9B4B99D}.AppStore|x64.Build.0 = Debug|Any CPU
		{DAEE7F4A-A77D-4B6E-AD04-80FBC9B4B99D}.AppStore|x86.ActiveCfg = Debug|Any CPU
		{DAEE7F4A-A77D-4B6E-AD04-80FBC9B4B99D}.AppStore|x86.Build.0 = Debug|Any CPU
		{DAEE7F4A-A77D-4B6E-AD04-80FBC9B4B99D}.Debug|Any CPU.ActiveCfg = Debug|Any CPU
		{DAEE7F4A-A77D-4B6E-AD04-80FBC9B4B99D}.Debug|Any CPU.Build.0 = Debug|Any CPU
		{DAEE7F4A-A77D-4B6E-AD04-80FBC9B4B99D}.Debug|ARM.ActiveCfg = Debug|Any CPU
		{DAEE7F4A-A77D-4B6E-AD04-80FBC9B4B99D}.Debug|ARM.Build.0 = Debug|Any CPU
		{DAEE7F4A-A77D-4B6E-AD04-80FBC9B4B99D}.Debug|iPhone.ActiveCfg = Debug|Any CPU
		{DAEE7F4A-A77D-4B6E-AD04-80FBC9B4B99D}.Debug|iPhone.Build.0 = Debug|Any CPU
		{DAEE7F4A-A77D-4B6E-AD04-80FBC9B4B99D}.Debug|iPhoneSimulator.ActiveCfg = Debug|Any CPU
		{DAEE7F4A-A77D-4B6E-AD04-80FBC9B4B99D}.Debug|iPhoneSimulator.Build.0 = Debug|Any CPU
		{DAEE7F4A-A77D-4B6E-AD04-80FBC9B4B99D}.Debug|x64.ActiveCfg = Debug|Any CPU
		{DAEE7F4A-A77D-4B6E-AD04-80FBC9B4B99D}.Debug|x64.Build.0 = Debug|Any CPU
		{DAEE7F4A-A77D-4B6E-AD04-80FBC9B4B99D}.Debug|x86.ActiveCfg = Debug|Any CPU
		{DAEE7F4A-A77D-4B6E-AD04-80FBC9B4B99D}.Debug|x86.Build.0 = Debug|Any CPU
		{DAEE7F4A-A77D-4B6E-AD04-80FBC9B4B99D}.Release|Any CPU.ActiveCfg = Release|Any CPU
		{DAEE7F4A-A77D-4B6E-AD04-80FBC9B4B99D}.Release|Any CPU.Build.0 = Release|Any CPU
		{DAEE7F4A-A77D-4B6E-AD04-80FBC9B4B99D}.Release|ARM.ActiveCfg = Release|Any CPU
		{DAEE7F4A-A77D-4B6E-AD04-80FBC9B4B99D}.Release|ARM.Build.0 = Release|Any CPU
		{DAEE7F4A-A77D-4B6E-AD04-80FBC9B4B99D}.Release|iPhone.ActiveCfg = Release|Any CPU
		{DAEE7F4A-A77D-4B6E-AD04-80FBC9B4B99D}.Release|iPhone.Build.0 = Release|Any CPU
		{DAEE7F4A-A77D-4B6E-AD04-80FBC9B4B99D}.Release|iPhoneSimulator.ActiveCfg = Release|Any CPU
		{DAEE7F4A-A77D-4B6E-AD04-80FBC9B4B99D}.Release|iPhoneSimulator.Build.0 = Release|Any CPU
		{DAEE7F4A-A77D-4B6E-AD04-80FBC9B4B99D}.Release|x64.ActiveCfg = Release|Any CPU
		{DAEE7F4A-A77D-4B6E-AD04-80FBC9B4B99D}.Release|x64.Build.0 = Release|Any CPU
		{DAEE7F4A-A77D-4B6E-AD04-80FBC9B4B99D}.Release|x86.ActiveCfg = Release|Any CPU
		{DAEE7F4A-A77D-4B6E-AD04-80FBC9B4B99D}.Release|x86.Build.0 = Release|Any CPU
		{66E5A703-3F58-49C7-ABD6-F0E78C541DFC}.Ad-Hoc|Any CPU.ActiveCfg = Debug|Any CPU
		{66E5A703-3F58-49C7-ABD6-F0E78C541DFC}.Ad-Hoc|Any CPU.Build.0 = Debug|Any CPU
		{66E5A703-3F58-49C7-ABD6-F0E78C541DFC}.Ad-Hoc|ARM.ActiveCfg = Debug|Any CPU
		{66E5A703-3F58-49C7-ABD6-F0E78C541DFC}.Ad-Hoc|ARM.Build.0 = Debug|Any CPU
		{66E5A703-3F58-49C7-ABD6-F0E78C541DFC}.Ad-Hoc|iPhone.ActiveCfg = Debug|Any CPU
		{66E5A703-3F58-49C7-ABD6-F0E78C541DFC}.Ad-Hoc|iPhone.Build.0 = Debug|Any CPU
		{66E5A703-3F58-49C7-ABD6-F0E78C541DFC}.Ad-Hoc|iPhoneSimulator.ActiveCfg = Debug|Any CPU
		{66E5A703-3F58-49C7-ABD6-F0E78C541DFC}.Ad-Hoc|iPhoneSimulator.Build.0 = Debug|Any CPU
		{66E5A703-3F58-49C7-ABD6-F0E78C541DFC}.Ad-Hoc|x64.ActiveCfg = Debug|Any CPU
		{66E5A703-3F58-49C7-ABD6-F0E78C541DFC}.Ad-Hoc|x64.Build.0 = Debug|Any CPU
		{66E5A703-3F58-49C7-ABD6-F0E78C541DFC}.Ad-Hoc|x86.ActiveCfg = Debug|Any CPU
		{66E5A703-3F58-49C7-ABD6-F0E78C541DFC}.Ad-Hoc|x86.Build.0 = Debug|Any CPU
		{66E5A703-3F58-49C7-ABD6-F0E78C541DFC}.AppStore|Any CPU.ActiveCfg = Debug|Any CPU
		{66E5A703-3F58-49C7-ABD6-F0E78C541DFC}.AppStore|Any CPU.Build.0 = Debug|Any CPU
		{66E5A703-3F58-49C7-ABD6-F0E78C541DFC}.AppStore|ARM.ActiveCfg = Debug|Any CPU
		{66E5A703-3F58-49C7-ABD6-F0E78C541DFC}.AppStore|ARM.Build.0 = Debug|Any CPU
		{66E5A703-3F58-49C7-ABD6-F0E78C541DFC}.AppStore|iPhone.ActiveCfg = Debug|Any CPU
		{66E5A703-3F58-49C7-ABD6-F0E78C541DFC}.AppStore|iPhone.Build.0 = Debug|Any CPU
		{66E5A703-3F58-49C7-ABD6-F0E78C541DFC}.AppStore|iPhoneSimulator.ActiveCfg = Debug|Any CPU
		{66E5A703-3F58-49C7-ABD6-F0E78C541DFC}.AppStore|iPhoneSimulator.Build.0 = Debug|Any CPU
		{66E5A703-3F58-49C7-ABD6-F0E78C541DFC}.AppStore|x64.ActiveCfg = Debug|Any CPU
		{66E5A703-3F58-49C7-ABD6-F0E78C541DFC}.AppStore|x64.Build.0 = Debug|Any CPU
		{66E5A703-3F58-49C7-ABD6-F0E78C541DFC}.AppStore|x86.ActiveCfg = Debug|Any CPU
		{66E5A703-3F58-49C7-ABD6-F0E78C541DFC}.AppStore|x86.Build.0 = Debug|Any CPU
		{66E5A703-3F58-49C7-ABD6-F0E78C541DFC}.Debug|Any CPU.ActiveCfg = Debug|Any CPU
		{66E5A703-3F58-49C7-ABD6-F0E78C541DFC}.Debug|Any CPU.Build.0 = Debug|Any CPU
		{66E5A703-3F58-49C7-ABD6-F0E78C541DFC}.Debug|ARM.ActiveCfg = Debug|Any CPU
		{66E5A703-3F58-49C7-ABD6-F0E78C541DFC}.Debug|ARM.Build.0 = Debug|Any CPU
		{66E5A703-3F58-49C7-ABD6-F0E78C541DFC}.Debug|iPhone.ActiveCfg = Debug|Any CPU
		{66E5A703-3F58-49C7-ABD6-F0E78C541DFC}.Debug|iPhone.Build.0 = Debug|Any CPU
		{66E5A703-3F58-49C7-ABD6-F0E78C541DFC}.Debug|iPhoneSimulator.ActiveCfg = Debug|Any CPU
		{66E5A703-3F58-49C7-ABD6-F0E78C541DFC}.Debug|iPhoneSimulator.Build.0 = Debug|Any CPU
		{66E5A703-3F58-49C7-ABD6-F0E78C541DFC}.Debug|x64.ActiveCfg = Debug|Any CPU
		{66E5A703-3F58-49C7-ABD6-F0E78C541DFC}.Debug|x64.Build.0 = Debug|Any CPU
		{66E5A703-3F58-49C7-ABD6-F0E78C541DFC}.Debug|x86.ActiveCfg = Debug|Any CPU
		{66E5A703-3F58-49C7-ABD6-F0E78C541DFC}.Debug|x86.Build.0 = Debug|Any CPU
		{66E5A703-3F58-49C7-ABD6-F0E78C541DFC}.Release|Any CPU.ActiveCfg = Release|Any CPU
		{66E5A703-3F58-49C7-ABD6-F0E78C541DFC}.Release|Any CPU.Build.0 = Release|Any CPU
		{66E5A703-3F58-49C7-ABD6-F0E78C541DFC}.Release|ARM.ActiveCfg = Release|Any CPU
		{66E5A703-3F58-49C7-ABD6-F0E78C541DFC}.Release|ARM.Build.0 = Release|Any CPU
		{66E5A703-3F58-49C7-ABD6-F0E78C541DFC}.Release|iPhone.ActiveCfg = Release|Any CPU
		{66E5A703-3F58-49C7-ABD6-F0E78C541DFC}.Release|iPhone.Build.0 = Release|Any CPU
		{66E5A703-3F58-49C7-ABD6-F0E78C541DFC}.Release|iPhoneSimulator.ActiveCfg = Release|Any CPU
		{66E5A703-3F58-49C7-ABD6-F0E78C541DFC}.Release|iPhoneSimulator.Build.0 = Release|Any CPU
		{66E5A703-3F58-49C7-ABD6-F0E78C541DFC}.Release|x64.ActiveCfg = Release|Any CPU
		{66E5A703-3F58-49C7-ABD6-F0E78C541DFC}.Release|x64.Build.0 = Release|Any CPU
		{66E5A703-3F58-49C7-ABD6-F0E78C541DFC}.Release|x86.ActiveCfg = Release|Any CPU
		{66E5A703-3F58-49C7-ABD6-F0E78C541DFC}.Release|x86.Build.0 = Release|Any CPU
		{6231F8BC-FACE-47B9-8E5E-35C1134E9C6F}.Ad-Hoc|Any CPU.ActiveCfg = Debug|Any CPU
		{6231F8BC-FACE-47B9-8E5E-35C1134E9C6F}.Ad-Hoc|Any CPU.Build.0 = Debug|Any CPU
		{6231F8BC-FACE-47B9-8E5E-35C1134E9C6F}.Ad-Hoc|ARM.ActiveCfg = Debug|Any CPU
		{6231F8BC-FACE-47B9-8E5E-35C1134E9C6F}.Ad-Hoc|ARM.Build.0 = Debug|Any CPU
		{6231F8BC-FACE-47B9-8E5E-35C1134E9C6F}.Ad-Hoc|iPhone.ActiveCfg = Debug|Any CPU
		{6231F8BC-FACE-47B9-8E5E-35C1134E9C6F}.Ad-Hoc|iPhone.Build.0 = Debug|Any CPU
		{6231F8BC-FACE-47B9-8E5E-35C1134E9C6F}.Ad-Hoc|iPhoneSimulator.ActiveCfg = Debug|Any CPU
		{6231F8BC-FACE-47B9-8E5E-35C1134E9C6F}.Ad-Hoc|iPhoneSimulator.Build.0 = Debug|Any CPU
		{6231F8BC-FACE-47B9-8E5E-35C1134E9C6F}.Ad-Hoc|x64.ActiveCfg = Debug|Any CPU
		{6231F8BC-FACE-47B9-8E5E-35C1134E9C6F}.Ad-Hoc|x64.Build.0 = Debug|Any CPU
		{6231F8BC-FACE-47B9-8E5E-35C1134E9C6F}.Ad-Hoc|x86.ActiveCfg = Debug|Any CPU
		{6231F8BC-FACE-47B9-8E5E-35C1134E9C6F}.Ad-Hoc|x86.Build.0 = Debug|Any CPU
		{6231F8BC-FACE-47B9-8E5E-35C1134E9C6F}.AppStore|Any CPU.ActiveCfg = Debug|Any CPU
		{6231F8BC-FACE-47B9-8E5E-35C1134E9C6F}.AppStore|Any CPU.Build.0 = Debug|Any CPU
		{6231F8BC-FACE-47B9-8E5E-35C1134E9C6F}.AppStore|ARM.ActiveCfg = Debug|Any CPU
		{6231F8BC-FACE-47B9-8E5E-35C1134E9C6F}.AppStore|ARM.Build.0 = Debug|Any CPU
		{6231F8BC-FACE-47B9-8E5E-35C1134E9C6F}.AppStore|iPhone.ActiveCfg = Debug|Any CPU
		{6231F8BC-FACE-47B9-8E5E-35C1134E9C6F}.AppStore|iPhone.Build.0 = Debug|Any CPU
		{6231F8BC-FACE-47B9-8E5E-35C1134E9C6F}.AppStore|iPhoneSimulator.ActiveCfg = Debug|Any CPU
		{6231F8BC-FACE-47B9-8E5E-35C1134E9C6F}.AppStore|iPhoneSimulator.Build.0 = Debug|Any CPU
		{6231F8BC-FACE-47B9-8E5E-35C1134E9C6F}.AppStore|x64.ActiveCfg = Debug|Any CPU
		{6231F8BC-FACE-47B9-8E5E-35C1134E9C6F}.AppStore|x64.Build.0 = Debug|Any CPU
		{6231F8BC-FACE-47B9-8E5E-35C1134E9C6F}.AppStore|x86.ActiveCfg = Debug|Any CPU
		{6231F8BC-FACE-47B9-8E5E-35C1134E9C6F}.AppStore|x86.Build.0 = Debug|Any CPU
		{6231F8BC-FACE-47B9-8E5E-35C1134E9C6F}.Debug|Any CPU.ActiveCfg = Debug|Any CPU
		{6231F8BC-FACE-47B9-8E5E-35C1134E9C6F}.Debug|Any CPU.Build.0 = Debug|Any CPU
		{6231F8BC-FACE-47B9-8E5E-35C1134E9C6F}.Debug|ARM.ActiveCfg = Debug|Any CPU
		{6231F8BC-FACE-47B9-8E5E-35C1134E9C6F}.Debug|ARM.Build.0 = Debug|Any CPU
		{6231F8BC-FACE-47B9-8E5E-35C1134E9C6F}.Debug|iPhone.ActiveCfg = Debug|Any CPU
		{6231F8BC-FACE-47B9-8E5E-35C1134E9C6F}.Debug|iPhone.Build.0 = Debug|Any CPU
		{6231F8BC-FACE-47B9-8E5E-35C1134E9C6F}.Debug|iPhoneSimulator.ActiveCfg = Debug|Any CPU
		{6231F8BC-FACE-47B9-8E5E-35C1134E9C6F}.Debug|iPhoneSimulator.Build.0 = Debug|Any CPU
		{6231F8BC-FACE-47B9-8E5E-35C1134E9C6F}.Debug|x64.ActiveCfg = Debug|Any CPU
		{6231F8BC-FACE-47B9-8E5E-35C1134E9C6F}.Debug|x64.Build.0 = Debug|Any CPU
		{6231F8BC-FACE-47B9-8E5E-35C1134E9C6F}.Debug|x86.ActiveCfg = Debug|Any CPU
		{6231F8BC-FACE-47B9-8E5E-35C1134E9C6F}.Debug|x86.Build.0 = Debug|Any CPU
		{6231F8BC-FACE-47B9-8E5E-35C1134E9C6F}.Release|Any CPU.ActiveCfg = Release|Any CPU
		{6231F8BC-FACE-47B9-8E5E-35C1134E9C6F}.Release|Any CPU.Build.0 = Release|Any CPU
		{6231F8BC-FACE-47B9-8E5E-35C1134E9C6F}.Release|ARM.ActiveCfg = Release|Any CPU
		{6231F8BC-FACE-47B9-8E5E-35C1134E9C6F}.Release|ARM.Build.0 = Release|Any CPU
		{6231F8BC-FACE-47B9-8E5E-35C1134E9C6F}.Release|iPhone.ActiveCfg = Release|Any CPU
		{6231F8BC-FACE-47B9-8E5E-35C1134E9C6F}.Release|iPhone.Build.0 = Release|Any CPU
		{6231F8BC-FACE-47B9-8E5E-35C1134E9C6F}.Release|iPhoneSimulator.ActiveCfg = Release|Any CPU
		{6231F8BC-FACE-47B9-8E5E-35C1134E9C6F}.Release|iPhoneSimulator.Build.0 = Release|Any CPU
		{6231F8BC-FACE-47B9-8E5E-35C1134E9C6F}.Release|x64.ActiveCfg = Release|Any CPU
		{6231F8BC-FACE-47B9-8E5E-35C1134E9C6F}.Release|x64.Build.0 = Release|Any CPU
		{6231F8BC-FACE-47B9-8E5E-35C1134E9C6F}.Release|x86.ActiveCfg = Release|Any CPU
		{6231F8BC-FACE-47B9-8E5E-35C1134E9C6F}.Release|x86.Build.0 = Release|Any CPU
	EndGlobalSection
	GlobalSection(SolutionProperties) = preSolution
		HideSolutionNode = FALSE
	EndGlobalSection
	GlobalSection(ExtensibilityGlobals) = postSolution
		SolutionGuid = {0F1CF8F9-0727-45A5-8448-E0C30F4846E9}
	EndGlobalSection
EndGlobal
